
Microsoft Visual Studio Solution File, Format Version 12.00
# Visual Studio Version 17
VisualStudioVersion = 17.0.32014.148
MinimumVisualStudioVersion = 10.0.40219.1
Project("{FAE04EC0-301F-11D3-BF4B-00C04F79EFBC}") = "Assessment", "Assessment.csproj", "{6F3FB001-1CFD-4964-9D8A-545E47602B7B}"
EndProject
Global
	GlobalSection(SolutionConfigurationPlatforms) = preSolution
		Debug|Any CPU = Debug|Any CPU
		Release|Any CPU = Release|Any CPU
	EndGlobalSection
	GlobalSection(ProjectConfigurationPlatforms) = postSolution
		{6F3FB001-1CFD-4964-9D8A-545E47602B7B}.Debug|Any CPU.ActiveCfg = Debug|Any CPU
		{6F3FB001-1CFD-4964-9D8A-545E47602B7B}.Debug|Any CPU.Build.0 = Debug|Any CPU
		{6F3FB001-1CFD-4964-9D8A-545E47602B7B}.Release|Any CPU.ActiveCfg = Release|Any CPU
		{6F3FB001-1CFD-4964-9D8A-545E47602B7B}.Release|Any CPU.Build.0 = Release|Any CPU
	EndGlobalSection
	GlobalSection(SolutionProperties) = preSolution
		HideSolutionNode = FALSE
	EndGlobalSection
	GlobalSection(ExtensibilityGlobals) = postSolution
		SolutionGuid = {95043182-1FEC-4DA2-89C6-07CE1C3D8ED3}
	EndGlobalSection
EndGlobal
